{
  "name": "miniprogram",
  "lockfileVersion": 3,
  "requires": true,
  "packages": {
    "": {
      "dependencies": {
        "@cloudbase/wx-cloud-client-sdk": "^1.2.1"
      }
    },
    "node_modules/@cloudbase/adapter-interface": {
      "version": "0.7.1",
      "resolved": "https://registry.npmjs.org/@cloudbase/adapter-interface/-/adapter-interface-0.7.1.tgz",
      "integrity": "sha512-BjHTAvIMSLxbp26SeT6qLiSSBygz3kAVno/PMwwBwjgzVkVUvuZGVcvf1mhHxY/BjdRGLrd6X60OgvymV/aAUw==",
      "license": "ISC"
    },
    "node_modules/@cloudbase/adapter-wx_mp": {
      "version": "1.3.1",
      "resolved": "https://registry.npmjs.org/@cloudbase/adapter-wx_mp/-/adapter-wx_mp-1.3.1.tgz",
      "integrity": "sha512-rS0N1aD1a0zc421ds17/HzM4RChQ6T2ixMz87bhPJ1yveqJt/KUqYxiXJDWhZ803wwTmJs8aqNkgugsNusNhbg==",
      "license": "ISC",
      "dependencies": {
        "@cloudbase/adapter-interface": "^0.7.0",
        "web-streams-polyfill": "^4.0.0"
      }
    },
    "node_modules/@cloudbase/auth": {
      "version": "2.25.7",
      "resolved": "https://registry.npmjs.org/@cloudbase/auth/-/auth-2.25.7.tgz",
      "integrity": "sha512-EUHMR9qttt7Ga1hSuiLKURehCVnlkpDBXkl9MOHauftZyOUznrQFtq6M8x6kVHDhLhJ8Yw8kqHWhzokfNEMQ3g==",
      "license": "Apache-2.0",
      "dependencies": {
        "@cloudbase/adapter-wx_mp": "^1.2.1",
        "@cloudbase/oauth": "2.25.7",
        "@cloudbase/utilities": "2.25.7"
      }
    },
    "node_modules/@cloudbase/oauth": {
      "version": "2.25.7",
      "resolved": "https://registry.npmjs.org/@cloudbase/oauth/-/oauth-2.25.7.tgz",
      "integrity": "sha512-q4Bx+xAWMHu/s2ETPxZEN51EDBrYGDATBv0CTkoZaID/jc6RCltOJOGkdBYwOKszFtoBFSJiG3DTfS1toS65LA==",
      "license": "Apache-2.0",
      "dependencies": {
        "@cloudbase/utilities": "2.25.7"
      },
      "peerDependencies": {
        "@cloudbase/utilities": "2.25.0"
      }
    },
    "node_modules/@cloudbase/types": {
      "version": "2.25.7",
      "resolved": "https://registry.npmjs.org/@cloudbase/types/-/types-2.25.7.tgz",
      "integrity": "sha512-+6trUj2hZ+BIQA+U/oPvHvHu9cUI++qJ2DKRl6kLbYfNT5bhG/vgc5dwDeduJ9H8YbG4ebWWBTkWMYIqUmx3vg==",
      "license": "Apache-2.0",
      "dependencies": {
        "@cloudbase/adapter-interface": "^0.7.1"
      }
    },
    "node_modules/@cloudbase/utilities": {
      "version": "2.25.7",
      "resolved": "https://registry.npmjs.org/@cloudbase/utilities/-/utilities-2.25.7.tgz",
      "integrity": "sha512-DFKs6VXtf5bXSKHvjQ2CTtx1mWjOYF6A+5ctxTHmCyG7tVDVNTaca3UPYCEuVaOKItOOnud96Ci12kFPGK4HDg==",
      "license": "Apache-2.0",
      "dependencies": {
        "@cloudbase/adapter-interface": "^0.7.1",
        "@cloudbase/types": "2.25.7",
        "jwt-decode": "^3.1.2"
      }
    },
    "node_modules/@cloudbase/wx-cloud-client-sdk": {
      "version": "1.8.5",
      "resolved": "https://registry.npmjs.org/@cloudbase/wx-cloud-client-sdk/-/wx-cloud-client-sdk-1.8.5.tgz",
      "integrity": "sha512-1v1CTPlLhBrVtQ2o9CrX0yFpu5HMmhL5bNGAT5zQSMMU6skEIgMF4vockFE3+P06h31pakiWr+SasD+huXEicQ==",
      "dependencies": {
        "@cloudbase/adapter-wx_mp": "^1.2.1",
        "@cloudbase/auth": "2.25.7",
        "core-js-pure": "^3.45.0"
      }
    },
    "node_modules/core-js-pure": {
      "version": "3.48.0",
      "resolved": "https://registry.npmjs.org/core-js-pure/-/core-js-pure-3.48.0.tgz",
      "integrity": "sha512-1slJgk89tWC51HQ1AEqG+s2VuwpTRr8ocu4n20QUcH1v9lAN0RXen0Q0AABa/DK1I7RrNWLucplOHMx8hfTGTw==",
      "hasInstallScript": true,
      "license": "MIT",
      "funding": {
        "type": "opencollective",
        "url": "https://opencollective.com/core-js"
      }
    },
    "node_modules/jwt-decode": {
      "version": "3.1.2",
      "resolved": "https://registry.npmjs.org/jwt-decode/-/jwt-decode-3.1.2.tgz",
      "integrity": "sha512-UfpWE/VZn0iP50d8cz9NrZLM9lSWhcJ+0Gt/nm4by88UL+J1SiKN8/5dkjMmbEzwL2CAe+67GsegCbIKtbp75A==",
      "license": "MIT"
    },
    "node_modules/web-streams-polyfill": {
      "version": "4.2.0",
      "resolved": "https://registry.npmjs.org/web-streams-polyfill/-/web-streams-polyfill-4.2.0.tgz",
      "integrity": "sha512-0rYDzGOh9EZpig92umN5g5D/9A1Kff7k0/mzPSSCY8jEQeYkgRMoY7LhbXtUCWzLCMX0TUE9aoHkjFNB7D9pfA==",
      "license": "MIT",
      "workspaces": [
        "test/benchmark-test",
        "test/rollup-test",
        "test/webpack-test"
      ],
      "engines": {
        "node": ">= 8"
      }
    }
  }
}
